
Microsoft Visual Studio Solution File, Format Version 12.00
# Visual Studio Version 16
VisualStudioVersion = 16.0.28803.352
MinimumVisualStudioVersion = 10.0.40219.1
Project("{FAE04EC0-301F-11D3-BF4B-00C04F79EFBC}") = "Movie Library", "Movie Library\Movie Library.csproj", "{EDFB0760-FC5A-4403-8D26-0264D42BACA7}"
EndProject
Global
	GlobalSection(SolutionConfigurationPlatforms) = preSolution
		Debug|Any CPU = Debug|Any CPU
		Release|Any CPU = Release|Any CPU
	EndGlobalSection
	GlobalSection(ProjectConfigurationPlatforms) = postSolution
		{EDFB0760-FC5A-4403-8D26-0264D42BACA7}.Debug|Any CPU.ActiveCfg = Debug|Any CPU
		{EDFB0760-FC5A-4403-8D26-0264D42BACA7}.Debug|Any CPU.Build.0 = Debug|Any CPU
		{EDFB0760-FC5A-4403-8D26-0264D42BACA7}.Release|Any CPU.ActiveCfg = Release|Any CPU
		{EDFB0760-FC5A-4403-8D26-0264D42BACA7}.Release|Any CPU.Build.0 = Release|Any CPU
	EndGlobalSection
	GlobalSection(SolutionProperties) = preSolution
		HideSolutionNode = FALSE
	EndGlobalSection
	GlobalSection(ExtensibilityGlobals) = postSolution
		SolutionGuid = {C3D4D488-CD87-443E-ABD6-99C675C2B44F}
	EndGlobalSection
EndGlobal
